// !$*UTF8*$!
{
	archiveVersion = 1;
	classes = {
	};
	objectVersion = 46;
	objects = {

/* Begin PBXBuildFile section */
		0905D2A21D90603800551DF2 /* AvatarAndNameView.swift in Sources */ = {isa = PBXBuildFile; fileRef = 0905D2A11D90603800551DF2 /* AvatarAndNameView.swift */; };
		0905D2A41D906F2600551DF2 /* PlayersView.swift in Sources */ = {isa = PBXBuildFile; fileRef = 0905D2A31D906F2600551DF2 /* PlayersView.swift */; };
		0905D2A91D91143200551DF2 /* CourtActionButtons.swift in Sources */ = {isa = PBXBuildFile; fileRef = 0905D2A81D91143200551DF2 /* CourtActionButtons.swift */; };
		0905D2AB1D912B1400551DF2 /* CourtView.swift in Sources */ = {isa = PBXBuildFile; fileRef = 0905D2AA1D912B1400551DF2 /* CourtView.swift */; };
		0905D2AD1D9135CC00551DF2 /* CourtCell.swift in Sources */ = {isa = PBXBuildFile; fileRef = 0905D2AC1D9135CC00551DF2 /* CourtCell.swift */; };
		0905D2AF1D91527200551DF2 /* Court.swift in Sources */ = {isa = PBXBuildFile; fileRef = 0905D2AE1D91527200551DF2 /* Court.swift */; };
		0905D2B11D91533E00551DF2 /* GetCourtsUseCase.swift in Sources */ = {isa = PBXBuildFile; fileRef = 0905D2B01D91533E00551DF2 /* GetCourtsUseCase.swift */; };
		0905D2B31D915E9900551DF2 /* CourtRepository.swift in Sources */ = {isa = PBXBuildFile; fileRef = 0905D2B21D915E9900551DF2 /* CourtRepository.swift */; };
		0905D2B51D915F3900551DF2 /* CourtFirebaseDataSource.swift in Sources */ = {isa = PBXBuildFile; fileRef = 0905D2B41D915F3900551DF2 /* CourtFirebaseDataSource.swift */; };
		0905D2B71D9170A100551DF2 /* FirebaseMapping.swift in Sources */ = {isa = PBXBuildFile; fileRef = 0905D2B61D9170A100551DF2 /* FirebaseMapping.swift */; };
		0905D2B91D917F9800551DF2 /* GetCurrentUserUseCase.swift in Sources */ = {isa = PBXBuildFile; fileRef = 0905D2B81D917F9800551DF2 /* GetCurrentUserUseCase.swift */; };
		0905D2BB1D9183ED00551DF2 /* IsUserInCourtUseCase.swift in Sources */ = {isa = PBXBuildFile; fileRef = 0905D2BA1D9183ED00551DF2 /* IsUserInCourtUseCase.swift */; };
		0905D2BD1D9186B600551DF2 /* IsUserInAnotherCourtUseCase.swift in Sources */ = {isa = PBXBuildFile; fileRef = 0905D2BC1D9186B600551DF2 /* IsUserInAnotherCourtUseCase.swift */; };
		0905D2BF1D9188A400551DF2 /* IsCourtFullUseCase.swift in Sources */ = {isa = PBXBuildFile; fileRef = 0905D2BE1D9188A400551DF2 /* IsCourtFullUseCase.swift */; };
		0908AFB01D8197FB00AA8EA0 /* GoogleService-Info.plist in Resources */ = {isa = PBXBuildFile; fileRef = 0908AFAF1D8197FB00AA8EA0 /* GoogleService-Info.plist */; };
		0910EE151D901DDD00F3412B /* AuthenticationService.swift in Sources */ = {isa = PBXBuildFile; fileRef = 0910EE101D901DDD00F3412B /* AuthenticationService.swift */; };
		0910EE161D901DDD00F3412B /* FirebaseService.swift in Sources */ = {isa = PBXBuildFile; fileRef = 0910EE111D901DDD00F3412B /* FirebaseService.swift */; };
		0910EE171D901DDD00F3412B /* FirebaseSignInService.swift in Sources */ = {isa = PBXBuildFile; fileRef = 0910EE121D901DDD00F3412B /* FirebaseSignInService.swift */; };
		0910EE181D901DDD00F3412B /* GoogleAuthenticationService.swift in Sources */ = {isa = PBXBuildFile; fileRef = 0910EE131D901DDD00F3412B /* GoogleAuthenticationService.swift */; };
		0910EE191D901DDD00F3412B /* SignInService.swift in Sources */ = {isa = PBXBuildFile; fileRef = 0910EE141D901DDD00F3412B /* SignInService.swift */; };
		0910EE1C1D901DF100F3412B /* Authentication.swift in Sources */ = {isa = PBXBuildFile; fileRef = 0910EE1A1D901DF100F3412B /* Authentication.swift */; };
		0910EE1D1D901DF100F3412B /* User.swift in Sources */ = {isa = PBXBuildFile; fileRef = 0910EE1B1D901DF100F3412B /* User.swift */; };
		0910EE211D901DFC00F3412B /* IsUserSignedInUseCase.swift in Sources */ = {isa = PBXBuildFile; fileRef = 0910EE1E1D901DFC00F3412B /* IsUserSignedInUseCase.swift */; };
		0910EE221D901DFC00F3412B /* SignInUseCase.swift in Sources */ = {isa = PBXBuildFile; fileRef = 0910EE1F1D901DFC00F3412B /* SignInUseCase.swift */; };
		0910EE231D901DFC00F3412B /* UseCases.swift in Sources */ = {isa = PBXBuildFile; fileRef = 0910EE201D901DFC00F3412B /* UseCases.swift */; };
		0910EE261D90241F00F3412B /* CourtListWireframe.swift in Sources */ = {isa = PBXBuildFile; fileRef = 0910EE251D90241F00F3412B /* CourtListWireframe.swift */; };
		0910EE281D90242B00F3412B /* CourtListPresenter.swift in Sources */ = {isa = PBXBuildFile; fileRef = 0910EE271D90242B00F3412B /* CourtListPresenter.swift */; };
		0910EE2A1D90243400F3412B /* CourtListUI.swift in Sources */ = {isa = PBXBuildFile; fileRef = 0910EE291D90243400F3412B /* CourtListUI.swift */; };
		0910EE2C1D90243F00F3412B /* CourtListController.swift in Sources */ = {isa = PBXBuildFile; fileRef = 0910EE2B1D90243F00F3412B /* CourtListController.swift */; };
		0910EE2E1D90244B00F3412B /* CourtListView.swift in Sources */ = {isa = PBXBuildFile; fileRef = 0910EE2D1D90244B00F3412B /* CourtListView.swift */; };
		0910EE311D904D7000F3412B /* AvatarView.swift in Sources */ = {isa = PBXBuildFile; fileRef = 0910EE301D904D7000F3412B /* AvatarView.swift */; };
		09C92CD01D81763900086EEC /* AppDelegate.swift in Sources */ = {isa = PBXBuildFile; fileRef = 09C92CCF1D81763900086EEC /* AppDelegate.swift */; };
		09C92CD71D81763900086EEC /* Assets.xcassets in Resources */ = {isa = PBXBuildFile; fileRef = 09C92CD61D81763900086EEC /* Assets.xcassets */; };
		09C92CDA1D81763900086EEC /* LaunchScreen.storyboard in Resources */ = {isa = PBXBuildFile; fileRef = 09C92CD81D81763900086EEC /* LaunchScreen.storyboard */; };
		09D2E1D31D900F5000A21F69 /* SignInPresenter.swift in Sources */ = {isa = PBXBuildFile; fileRef = 09D2E1D21D900F5000A21F69 /* SignInPresenter.swift */; };
		09E887A51D86977700D3B1C4 /* SignInController.swift in Sources */ = {isa = PBXBuildFile; fileRef = 09E887A41D86977700D3B1C4 /* SignInController.swift */; };
		09E887A71D8697B900D3B1C4 /* SignInView.swift in Sources */ = {isa = PBXBuildFile; fileRef = 09E887A61D8697B900D3B1C4 /* SignInView.swift */; };
		09E887A91D86982D00D3B1C4 /* SignInUI.swift in Sources */ = {isa = PBXBuildFile; fileRef = 09E887A81D86982D00D3B1C4 /* SignInUI.swift */; };
		09E887AC1D869B1E00D3B1C4 /* MainWireframe.swift in Sources */ = {isa = PBXBuildFile; fileRef = 09E887AB1D869B1E00D3B1C4 /* MainWireframe.swift */; };
		09E887B41D86A61000D3B1C4 /* SignInWireframe.swift in Sources */ = {isa = PBXBuildFile; fileRef = 09E887B31D86A61000D3B1C4 /* SignInWireframe.swift */; };
		C0D155131E9C9117BD5154D8 /* Pods_FirePadel.framework in Frameworks */ = {isa = PBXBuildFile; fileRef = 1B382F7DFEDD42932B6255B7 /* Pods_FirePadel.framework */; };
/* End PBXBuildFile section */

/* Begin PBXFileReference section */
		002255EDBD1C4E870D43C15A /* Pods-FirePadel.release.xcconfig */ = {isa = PBXFileReference; includeInIndex = 1; lastKnownFileType = text.xcconfig; name = "Pods-FirePadel.release.xcconfig"; path = "Pods/Target Support Files/Pods-FirePadel/Pods-FirePadel.release.xcconfig"; sourceTree = "<group>"; };
		0905D2A11D90603800551DF2 /* AvatarAndNameView.swift */ = {isa = PBXFileReference; fileEncoding = 4; lastKnownFileType = sourcecode.swift; path = AvatarAndNameView.swift; sourceTree = "<group>"; };
		0905D2A31D906F2600551DF2 /* PlayersView.swift */ = {isa = PBXFileReference; fileEncoding = 4; lastKnownFileType = sourcecode.swift; path = PlayersView.swift; sourceTree = "<group>"; };
		0905D2A81D91143200551DF2 /* CourtActionButtons.swift */ = {isa = PBXFileReference; fileEncoding = 4; lastKnownFileType = sourcecode.swift; path = CourtActionButtons.swift; sourceTree = "<group>"; };
		0905D2AA1D912B1400551DF2 /* CourtView.swift */ = {isa = PBXFileReference; fileEncoding = 4; lastKnownFileType = sourcecode.swift; path = CourtView.swift; sourceTree = "<group>"; };
		0905D2AC1D9135CC00551DF2 /* CourtCell.swift */ = {isa = PBXFileReference; fileEncoding = 4; lastKnownFileType = sourcecode.swift; path = CourtCell.swift; sourceTree = "<group>"; };
		0905D2AE1D91527200551DF2 /* Court.swift */ = {isa = PBXFileReference; fileEncoding = 4; lastKnownFileType = sourcecode.swift; path = Court.swift; sourceTree = "<group>"; };
		0905D2B01D91533E00551DF2 /* GetCourtsUseCase.swift */ = {isa = PBXFileReference; fileEncoding = 4; lastKnownFileType = sourcecode.swift; path = GetCourtsUseCase.swift; sourceTree = "<group>"; };
		0905D2B21D915E9900551DF2 /* CourtRepository.swift */ = {isa = PBXFileReference; fileEncoding = 4; lastKnownFileType = sourcecode.swift; path = CourtRepository.swift; sourceTree = "<group>"; };
		0905D2B41D915F3900551DF2 /* CourtFirebaseDataSource.swift */ = {isa = PBXFileReference; fileEncoding = 4; lastKnownFileType = sourcecode.swift; path = CourtFirebaseDataSource.swift; sourceTree = "<group>"; };
		0905D2B61D9170A100551DF2 /* FirebaseMapping.swift */ = {isa = PBXFileReference; fileEncoding = 4; lastKnownFileType = sourcecode.swift; path = FirebaseMapping.swift; sourceTree = "<group>"; };
		0905D2B81D917F9800551DF2 /* GetCurrentUserUseCase.swift */ = {isa = PBXFileReference; fileEncoding = 4; lastKnownFileType = sourcecode.swift; path = GetCurrentUserUseCase.swift; sourceTree = "<group>"; };
		0905D2BA1D9183ED00551DF2 /* IsUserInCourtUseCase.swift */ = {isa = PBXFileReference; fileEncoding = 4; lastKnownFileType = sourcecode.swift; path = IsUserInCourtUseCase.swift; sourceTree = "<group>"; };
		0905D2BC1D9186B600551DF2 /* IsUserInAnotherCourtUseCase.swift */ = {isa = PBXFileReference; fileEncoding = 4; lastKnownFileType = sourcecode.swift; path = IsUserInAnotherCourtUseCase.swift; sourceTree = "<group>"; };
		0905D2BE1D9188A400551DF2 /* IsCourtFullUseCase.swift */ = {isa = PBXFileReference; fileEncoding = 4; lastKnownFileType = sourcecode.swift; path = IsCourtFullUseCase.swift; sourceTree = "<group>"; };
		0908AFAF1D8197FB00AA8EA0 /* GoogleService-Info.plist */ = {isa = PBXFileReference; fileEncoding = 4; lastKnownFileType = text.plist.xml; path = "GoogleService-Info.plist"; sourceTree = "<group>"; };
		0910EE101D901DDD00F3412B /* AuthenticationService.swift */ = {isa = PBXFileReference; fileEncoding = 4; lastKnownFileType = sourcecode.swift; path = AuthenticationService.swift; sourceTree = "<group>"; };
		0910EE111D901DDD00F3412B /* FirebaseService.swift */ = {isa = PBXFileReference; fileEncoding = 4; lastKnownFileType = sourcecode.swift; path = FirebaseService.swift; sourceTree = "<group>"; };
		0910EE121D901DDD00F3412B /* FirebaseSignInService.swift */ = {isa = PBXFileReference; fileEncoding = 4; lastKnownFileType = sourcecode.swift; path = FirebaseSignInService.swift; sourceTree = "<group>"; };
		0910EE131D901DDD00F3412B /* GoogleAuthenticationService.swift */ = {isa = PBXFileReference; fileEncoding = 4; lastKnownFileType = sourcecode.swift; path = GoogleAuthenticationService.swift; sourceTree = "<group>"; };
		0910EE141D901DDD00F3412B /* SignInService.swift */ = {isa = PBXFileReference; fileEncoding = 4; lastKnownFileType = sourcecode.swift; path = SignInService.swift; sourceTree = "<group>"; };
		0910EE1A1D901DF100F3412B /* Authentication.swift */ = {isa = PBXFileReference; fileEncoding = 4; lastKnownFileType = sourcecode.swift; path = Authentication.swift; sourceTree = "<group>"; };
		0910EE1B1D901DF100F3412B /* User.swift */ = {isa = PBXFileReference; fileEncoding = 4; lastKnownFileType = sourcecode.swift; path = User.swift; sourceTree = "<group>"; };
		0910EE1E1D901DFC00F3412B /* IsUserSignedInUseCase.swift */ = {isa = PBXFileReference; fileEncoding = 4; lastKnownFileType = sourcecode.swift; path = IsUserSignedInUseCase.swift; sourceTree = "<group>"; };
		0910EE1F1D901DFC00F3412B /* SignInUseCase.swift */ = {isa = PBXFileReference; fileEncoding = 4; lastKnownFileType = sourcecode.swift; path = SignInUseCase.swift; sourceTree = "<group>"; };
		0910EE201D901DFC00F3412B /* UseCases.swift */ = {isa = PBXFileReference; fileEncoding = 4; lastKnownFileType = sourcecode.swift; path = UseCases.swift; sourceTree = "<group>"; };
		0910EE251D90241F00F3412B /* CourtListWireframe.swift */ = {isa = PBXFileReference; fileEncoding = 4; lastKnownFileType = sourcecode.swift; path = CourtListWireframe.swift; sourceTree = "<group>"; };
		0910EE271D90242B00F3412B /* CourtListPresenter.swift */ = {isa = PBXFileReference; fileEncoding = 4; lastKnownFileType = sourcecode.swift; path = CourtListPresenter.swift; sourceTree = "<group>"; };
		0910EE291D90243400F3412B /* CourtListUI.swift */ = {isa = PBXFileReference; fileEncoding = 4; lastKnownFileType = sourcecode.swift; path = CourtListUI.swift; sourceTree = "<group>"; };
		0910EE2B1D90243F00F3412B /* CourtListController.swift */ = {isa = PBXFileReference; fileEncoding = 4; lastKnownFileType = sourcecode.swift; path = CourtListController.swift; sourceTree = "<group>"; };
		0910EE2D1D90244B00F3412B /* CourtListView.swift */ = {isa = PBXFileReference; fileEncoding = 4; lastKnownFileType = sourcecode.swift; path = CourtListView.swift; sourceTree = "<group>"; };
		0910EE301D904D7000F3412B /* AvatarView.swift */ = {isa = PBXFileReference; fileEncoding = 4; lastKnownFileType = sourcecode.swift; path = AvatarView.swift; sourceTree = "<group>"; };
		09C92CCC1D81763900086EEC /* FirePadel.app */ = {isa = PBXFileReference; explicitFileType = wrapper.application; includeInIndex = 0; path = FirePadel.app; sourceTree = BUILT_PRODUCTS_DIR; };
		09C92CCF1D81763900086EEC /* AppDelegate.swift */ = {isa = PBXFileReference; lastKnownFileType = sourcecode.swift; path = AppDelegate.swift; sourceTree = "<group>"; };
		09C92CD61D81763900086EEC /* Assets.xcassets */ = {isa = PBXFileReference; lastKnownFileType = folder.assetcatalog; path = Assets.xcassets; sourceTree = "<group>"; };
		09C92CD91D81763900086EEC /* Base */ = {isa = PBXFileReference; lastKnownFileType = file.storyboard; name = Base; path = Base.lproj/LaunchScreen.storyboard; sourceTree = "<group>"; };
		09C92CDB1D81763900086EEC /* Info.plist */ = {isa = PBXFileReference; lastKnownFileType = text.plist.xml; path = Info.plist; sourceTree = "<group>"; };
		09D2E1D21D900F5000A21F69 /* SignInPresenter.swift */ = {isa = PBXFileReference; fileEncoding = 4; lastKnownFileType = sourcecode.swift; path = SignInPresenter.swift; sourceTree = "<group>"; };
		09E798A91D8A84E200E3CD62 /* FirePadel.entitlements */ = {isa = PBXFileReference; lastKnownFileType = text.plist.entitlements; path = FirePadel.entitlements; sourceTree = "<group>"; };
		09E887A41D86977700D3B1C4 /* SignInController.swift */ = {isa = PBXFileReference; fileEncoding = 4; lastKnownFileType = sourcecode.swift; path = SignInController.swift; sourceTree = "<group>"; };
		09E887A61D8697B900D3B1C4 /* SignInView.swift */ = {isa = PBXFileReference; fileEncoding = 4; lastKnownFileType = sourcecode.swift; path = SignInView.swift; sourceTree = "<group>"; };
		09E887A81D86982D00D3B1C4 /* SignInUI.swift */ = {isa = PBXFileReference; fileEncoding = 4; lastKnownFileType = sourcecode.swift; path = SignInUI.swift; sourceTree = "<group>"; };
		09E887AB1D869B1E00D3B1C4 /* MainWireframe.swift */ = {isa = PBXFileReference; fileEncoding = 4; lastKnownFileType = sourcecode.swift; path = MainWireframe.swift; sourceTree = "<group>"; };
		09E887B31D86A61000D3B1C4 /* SignInWireframe.swift */ = {isa = PBXFileReference; fileEncoding = 4; lastKnownFileType = sourcecode.swift; path = SignInWireframe.swift; sourceTree = "<group>"; };
		1B382F7DFEDD42932B6255B7 /* Pods_FirePadel.framework */ = {isa = PBXFileReference; explicitFileType = wrapper.framework; includeInIndex = 0; path = Pods_FirePadel.framework; sourceTree = BUILT_PRODUCTS_DIR; };
		F715189BF463F662DCFAD3BC /* Pods-FirePadel.debug.xcconfig */ = {isa = PBXFileReference; includeInIndex = 1; lastKnownFileType = text.xcconfig; name = "Pods-FirePadel.debug.xcconfig"; path = "Pods/Target Support Files/Pods-FirePadel/Pods-FirePadel.debug.xcconfig"; sourceTree = "<group>"; };
/* End PBXFileReference section */

/* Begin PBXFrameworksBuildPhase section */
		09C92CC91D81763900086EEC /* Frameworks */ = {
			isa = PBXFrameworksBuildPhase;
			buildActionMask = 2147483647;
			files = (
				C0D155131E9C9117BD5154D8 /* Pods_FirePadel.framework in Frameworks */,
			);
			runOnlyForDeploymentPostprocessing = 0;
		};
/* End PBXFrameworksBuildPhase section */

/* Begin PBXGroup section */
		0910EE241D9023F200F3412B /* Court List */ = {
			isa = PBXGroup;
			children = (
				0910EE251D90241F00F3412B /* CourtListWireframe.swift */,
				0910EE271D90242B00F3412B /* CourtListPresenter.swift */,
				0910EE291D90243400F3412B /* CourtListUI.swift */,
				0910EE2B1D90243F00F3412B /* CourtListController.swift */,
				0910EE2D1D90244B00F3412B /* CourtListView.swift */,
				0905D2AC1D9135CC00551DF2 /* CourtCell.swift */,
			);
			name = "Court List";
			path = "Courts List";
			sourceTree = "<group>";
		};
		0910EE2F1D904D2B00F3412B /* General */ = {
			isa = PBXGroup;
			children = (
				0910EE301D904D7000F3412B /* AvatarView.swift */,
				0905D2A11D90603800551DF2 /* AvatarAndNameView.swift */,
				0905D2A31D906F2600551DF2 /* PlayersView.swift */,
				0905D2A81D91143200551DF2 /* CourtActionButtons.swift */,
				0905D2AA1D912B1400551DF2 /* CourtView.swift */,
			);
			path = General;
			sourceTree = "<group>";
		};
		095337021D8F6F99004260CD /* Data */ = {
			isa = PBXGroup;
			children = (
				0905D2B21D915E9900551DF2 /* CourtRepository.swift */,
				0905D2B41D915F3900551DF2 /* CourtFirebaseDataSource.swift */,
				0905D2B61D9170A100551DF2 /* FirebaseMapping.swift */,
			);
			path = Data;
			sourceTree = "<group>";
		};
		095337031D8F70B4004260CD /* Entitys */ = {
			isa = PBXGroup;
			children = (
				0910EE1B1D901DF100F3412B /* User.swift */,
				0910EE1A1D901DF100F3412B /* Authentication.swift */,
				0905D2AE1D91527200551DF2 /* Court.swift */,
			);
			path = Entitys;
			sourceTree = "<group>";
		};
		0991D9881D8E888E00510CCD /* Services */ = {
			isa = PBXGroup;
			children = (
				0910EE141D901DDD00F3412B /* SignInService.swift */,
				0910EE101D901DDD00F3412B /* AuthenticationService.swift */,
				0910EE111D901DDD00F3412B /* FirebaseService.swift */,
				0910EE121D901DDD00F3412B /* FirebaseSignInService.swift */,
				0910EE131D901DDD00F3412B /* GoogleAuthenticationService.swift */,
			);
			path = Services;
			sourceTree = "<group>";
		};
		09ABC9701D878B9E001BC224 /* Source */ = {
			isa = PBXGroup;
			children = (
				09E887A21D86973100D3B1C4 /* UI */,
				09E887AD1D869BC700D3B1C4 /* Domain */,
				095337021D8F6F99004260CD /* Data */,
				0991D9881D8E888E00510CCD /* Services */,
			);
			path = Source;
			sourceTree = "<group>";
		};
		09C92CC31D81763900086EEC = {
			isa = PBXGroup;
			children = (
				09C92CCE1D81763900086EEC /* FirePadel */,
				8E158B8342EB09D4DB7E7800 /* Frameworks */,
				8226AB33A8E8FD102D320FD1 /* Pods */,
				09C92CCD1D81763900086EEC /* Products */,
			);
			sourceTree = "<group>";
		};
		09C92CCD1D81763900086EEC /* Products */ = {
			isa = PBXGroup;
			children = (
				09C92CCC1D81763900086EEC /* FirePadel.app */,
			);
			name = Products;
			sourceTree = "<group>";
		};
		09C92CCE1D81763900086EEC /* FirePadel */ = {
			isa = PBXGroup;
			children = (
				09ABC9701D878B9E001BC224 /* Source */,
				09C92CE11D81781600086EEC /* Resources */,
			);
			path = FirePadel;
			sourceTree = "<group>";
		};
		09C92CE11D81781600086EEC /* Resources */ = {
			isa = PBXGroup;
			children = (
				09C92CD61D81763900086EEC /* Assets.xcassets */,
				09E798A91D8A84E200E3CD62 /* FirePadel.entitlements */,
				0908AFAF1D8197FB00AA8EA0 /* GoogleService-Info.plist */,
				09C92CDB1D81763900086EEC /* Info.plist */,
				09C92CD81D81763900086EEC /* LaunchScreen.storyboard */,
			);
			path = Resources;
			sourceTree = "<group>";
		};
		09E887A21D86973100D3B1C4 /* UI */ = {
			isa = PBXGroup;
			children = (
				09C92CCF1D81763900086EEC /* AppDelegate.swift */,
				09E887AB1D869B1E00D3B1C4 /* MainWireframe.swift */,
				0910EE2F1D904D2B00F3412B /* General */,
				09E887A31D86974E00D3B1C4 /* Sign In */,
				0910EE241D9023F200F3412B /* Court List */,
			);
			path = UI;
			sourceTree = "<group>";
		};
		09E887A31D86974E00D3B1C4 /* Sign In */ = {
			isa = PBXGroup;
			children = (
				09E887B31D86A61000D3B1C4 /* SignInWireframe.swift */,
				09D2E1D21D900F5000A21F69 /* SignInPresenter.swift */,
				09E887A81D86982D00D3B1C4 /* SignInUI.swift */,
				09E887A41D86977700D3B1C4 /* SignInController.swift */,
				09E887A61D8697B900D3B1C4 /* SignInView.swift */,
			);
			path = "Sign In";
			sourceTree = "<group>";
		};
		09E887AD1D869BC700D3B1C4 /* Domain */ = {
			isa = PBXGroup;
			children = (
				095337031D8F70B4004260CD /* Entitys */,
				09E887AE1D869C3F00D3B1C4 /* Use Cases */,
			);
			path = Domain;
			sourceTree = "<group>";
		};
		09E887AE1D869C3F00D3B1C4 /* Use Cases */ = {
			isa = PBXGroup;
			children = (
				0910EE201D901DFC00F3412B /* UseCases.swift */,
				0910EE1E1D901DFC00F3412B /* IsUserSignedInUseCase.swift */,
				0910EE1F1D901DFC00F3412B /* SignInUseCase.swift */,
				0905D2B81D917F9800551DF2 /* GetCurrentUserUseCase.swift */,
				0905D2B01D91533E00551DF2 /* GetCourtsUseCase.swift */,
				0905D2BA1D9183ED00551DF2 /* IsUserInCourtUseCase.swift */,
				0905D2BC1D9186B600551DF2 /* IsUserInAnotherCourtUseCase.swift */,
				0905D2BE1D9188A400551DF2 /* IsCourtFullUseCase.swift */,
			);
			path = "Use Cases";
			sourceTree = "<group>";
		};
		8226AB33A8E8FD102D320FD1 /* Pods */ = {
			isa = PBXGroup;
			children = (
				F715189BF463F662DCFAD3BC /* Pods-FirePadel.debug.xcconfig */,
				002255EDBD1C4E870D43C15A /* Pods-FirePadel.release.xcconfig */,
			);
			name = Pods;
			sourceTree = "<group>";
		};
		8E158B8342EB09D4DB7E7800 /* Frameworks */ = {
			isa = PBXGroup;
			children = (
				1B382F7DFEDD42932B6255B7 /* Pods_FirePadel.framework */,
			);
			name = Frameworks;
			sourceTree = "<group>";
		};
/* End PBXGroup section */

/* Begin PBXNativeTarget section */
		09C92CCB1D81763900086EEC /* FirePadel */ = {
			isa = PBXNativeTarget;
			buildConfigurationList = 09C92CDE1D81763900086EEC /* Build configuration list for PBXNativeTarget "FirePadel" */;
			buildPhases = (
				BC4EB4DE2379E811D82B19CB /* [CP] Check Pods Manifest.lock */,
				09C92CC81D81763900086EEC /* Sources */,
				09C92CC91D81763900086EEC /* Frameworks */,
				09C92CCA1D81763900086EEC /* Resources */,
				1A95BCF1F9DFDAA0749113E4 /* [CP] Embed Pods Frameworks */,
				E9B173EE62C03F874645758D /* [CP] Copy Pods Resources */,
			);
			buildRules = (
			);
			dependencies = (
			);
			name = FirePadel;
			productName = FirePadel;
			productReference = 09C92CCC1D81763900086EEC /* FirePadel.app */;
			productType = "com.apple.product-type.application";
		};
/* End PBXNativeTarget section */

/* Begin PBXProject section */
		09C92CC41D81763900086EEC /* Project object */ = {
			isa = PBXProject;
			attributes = {
				LastSwiftUpdateCheck = 0800;
				LastUpgradeCheck = 0800;
				ORGANIZATIONNAME = "Firebase Barcelona";
				TargetAttributes = {
					09C92CCB1D81763900086EEC = {
						CreatedOnToolsVersion = 8.0;
						DevelopmentTeam = DE2URN8PKZ;
						LastSwiftMigration = 0800;
						ProvisioningStyle = Automatic;
						SystemCapabilities = {
							com.apple.Keychain = {
								enabled = 1;
							};
						};
					};
				};
			};
			buildConfigurationList = 09C92CC71D81763900086EEC /* Build configuration list for PBXProject "FirePadel" */;
			compatibilityVersion = "Xcode 3.2";
			developmentRegion = English;
			hasScannedForEncodings = 0;
			knownRegions = (
				en,
				Base,
			);
			mainGroup = 09C92CC31D81763900086EEC;
			productRefGroup = 09C92CCD1D81763900086EEC /* Products */;
			projectDirPath = "";
			projectRoot = "";
			targets = (
				09C92CCB1D81763900086EEC /* FirePadel */,
			);
		};
/* End PBXProject section */

/* Begin PBXResourcesBuildPhase section */
		09C92CCA1D81763900086EEC /* Resources */ = {
			isa = PBXResourcesBuildPhase;
			buildActionMask = 2147483647;
			files = (
				09C92CDA1D81763900086EEC /* LaunchScreen.storyboard in Resources */,
				09C92CD71D81763900086EEC /* Assets.xcassets in Resources */,
				0908AFB01D8197FB00AA8EA0 /* GoogleService-Info.plist in Resources */,
			);
			runOnlyForDeploymentPostprocessing = 0;
		};
/* End PBXResourcesBuildPhase section */

/* Begin PBXShellScriptBuildPhase section */
		1A95BCF1F9DFDAA0749113E4 /* [CP] Embed Pods Frameworks */ = {
			isa = PBXShellScriptBuildPhase;
			buildActionMask = 2147483647;
			files = (
			);
			inputPaths = (
			);
			name = "[CP] Embed Pods Frameworks";
			outputPaths = (
			);
			runOnlyForDeploymentPostprocessing = 0;
			shellPath = /bin/sh;
			shellScript = "\"${SRCROOT}/Pods/Target Support Files/Pods-FirePadel/Pods-FirePadel-frameworks.sh\"\n";
			showEnvVarsInLog = 0;
		};
		BC4EB4DE2379E811D82B19CB /* [CP] Check Pods Manifest.lock */ = {
			isa = PBXShellScriptBuildPhase;
			buildActionMask = 2147483647;
			files = (
			);
			inputPaths = (
			);
			name = "[CP] Check Pods Manifest.lock";
			outputPaths = (
			);
			runOnlyForDeploymentPostprocessing = 0;
			shellPath = /bin/sh;
			shellScript = "diff \"${PODS_ROOT}/../Podfile.lock\" \"${PODS_ROOT}/Manifest.lock\" > /dev/null\nif [ $? != 0 ] ; then\n    # print error to STDERR\n    echo \"error: The sandbox is not in sync with the Podfile.lock. Run 'pod install' or update your CocoaPods installation.\" >&2\n    exit 1\nfi\n";
			showEnvVarsInLog = 0;
		};
		E9B173EE62C03F874645758D /* [CP] Copy Pods Resources */ = {
			isa = PBXShellScriptBuildPhase;
			buildActionMask = 2147483647;
			files = (
			);
			inputPaths = (
			);
			name = "[CP] Copy Pods Resources";
			outputPaths = (
			);
			runOnlyForDeploymentPostprocessing = 0;
			shellPath = /bin/sh;
			shellScript = "\"${SRCROOT}/Pods/Target Support Files/Pods-FirePadel/Pods-FirePadel-resources.sh\"\n";
			showEnvVarsInLog = 0;
		};
/* End PBXShellScriptBuildPhase section */

/* Begin PBXSourcesBuildPhase section */
		09C92CC81D81763900086EEC /* Sources */ = {
			isa = PBXSourcesBuildPhase;
			buildActionMask = 2147483647;
			files = (
				0910EE191D901DDD00F3412B /* SignInService.swift in Sources */,
				0905D2BF1D9188A400551DF2 /* IsCourtFullUseCase.swift in Sources */,
				0910EE281D90242B00F3412B /* CourtListPresenter.swift in Sources */,
				0905D2B11D91533E00551DF2 /* GetCourtsUseCase.swift in Sources */,
				0910EE2C1D90243F00F3412B /* CourtListController.swift in Sources */,
				09D2E1D31D900F5000A21F69 /* SignInPresenter.swift in Sources */,
				0910EE231D901DFC00F3412B /* UseCases.swift in Sources */,
				0905D2AB1D912B1400551DF2 /* CourtView.swift in Sources */,
				0905D2A41D906F2600551DF2 /* PlayersView.swift in Sources */,
				0905D2AF1D91527200551DF2 /* Court.swift in Sources */,
				0905D2B71D9170A100551DF2 /* FirebaseMapping.swift in Sources */,
				0905D2BB1D9183ED00551DF2 /* IsUserInCourtUseCase.swift in Sources */,
				09E887AC1D869B1E00D3B1C4 /* MainWireframe.swift in Sources */,
				0910EE161D901DDD00F3412B /* FirebaseService.swift in Sources */,
				0910EE211D901DFC00F3412B /* IsUserSignedInUseCase.swift in Sources */,
				0905D2A21D90603800551DF2 /* AvatarAndNameView.swift in Sources */,
				0910EE261D90241F00F3412B /* CourtListWireframe.swift in Sources */,
				09E887B41D86A61000D3B1C4 /* SignInWireframe.swift in Sources */,
				0910EE1D1D901DF100F3412B /* User.swift in Sources */,
				09E887A71D8697B900D3B1C4 /* SignInView.swift in Sources */,
				0905D2B51D915F3900551DF2 /* CourtFirebaseDataSource.swift in Sources */,
				0910EE2A1D90243400F3412B /* CourtListUI.swift in Sources */,
				0905D2A91D91143200551DF2 /* CourtActionButtons.swift in Sources */,
				09C92CD01D81763900086EEC /* AppDelegate.swift in Sources */,
				09E887A51D86977700D3B1C4 /* SignInController.swift in Sources */,
				0910EE151D901DDD00F3412B /* AuthenticationService.swift in Sources */,
				0910EE2E1D90244B00F3412B /* CourtListView.swift in Sources */,
				0905D2B91D917F9800551DF2 /* GetCurrentUserUseCase.swift in Sources */,
				09E887A91D86982D00D3B1C4 /* SignInUI.swift in Sources */,
				0910EE181D901DDD00F3412B /* GoogleAuthenticationService.swift in Sources */,
				0905D2AD1D9135CC00551DF2 /* CourtCell.swift in Sources */,
				0910EE311D904D7000F3412B /* AvatarView.swift in Sources */,
				0905D2BD1D9186B600551DF2 /* IsUserInAnotherCourtUseCase.swift in Sources */,
				0910EE171D901DDD00F3412B /* FirebaseSignInService.swift in Sources */,
				0905D2B31D915E9900551DF2 /* CourtRepository.swift in Sources */,
				0910EE1C1D901DF100F3412B /* Authentication.swift in Sources */,
				0910EE221D901DFC00F3412B /* SignInUseCase.swift in Sources */,
			);
			runOnlyForDeploymentPostprocessing = 0;
		};
/* End PBXSourcesBuildPhase section */

/* Begin PBXVariantGroup section */
		09C92CD81D81763900086EEC /* LaunchScreen.storyboard */ = {
			isa = PBXVariantGroup;
			children = (
				09C92CD91D81763900086EEC /* Base */,
			);
			name = LaunchScreen.storyboard;
			path = .;
			sourceTree = "<group>";
		};
/* End PBXVariantGroup section */

/* Begin XCBuildConfiguration section */
		09C92CDC1D81763900086EEC /* Debug */ = {
			isa = XCBuildConfiguration;
			buildSettings = {
				ALWAYS_SEARCH_USER_PATHS = NO;
				CLANG_ANALYZER_NONNULL = YES;
				CLANG_CXX_LANGUAGE_STANDARD = "gnu++0x";
				CLANG_CXX_LIBRARY = "libc++";
				CLANG_ENABLE_MODULES = YES;
				CLANG_ENABLE_OBJC_ARC = YES;
				CLANG_WARN_BOOL_CONVERSION = YES;
				CLANG_WARN_CONSTANT_CONVERSION = YES;
				CLANG_WARN_DIRECT_OBJC_ISA_USAGE = YES_ERROR;
				CLANG_WARN_DOCUMENTATION_COMMENTS = YES;
				CLANG_WARN_EMPTY_BODY = YES;
				CLANG_WARN_ENUM_CONVERSION = YES;
				CLANG_WARN_INFINITE_RECURSION = YES;
				CLANG_WARN_INT_CONVERSION = YES;
				CLANG_WARN_OBJC_ROOT_CLASS = YES_ERROR;
				CLANG_WARN_SUSPICIOUS_MOVE = YES;
				CLANG_WARN_SUSPICIOUS_MOVES = YES;
				CLANG_WARN_UNREACHABLE_CODE = YES;
				CLANG_WARN__DUPLICATE_METHOD_MATCH = YES;
				"CODE_SIGN_IDENTITY[sdk=iphoneos*]" = "iPhone Developer";
				COPY_PHASE_STRIP = NO;
				DEBUG_INFORMATION_FORMAT = dwarf;
				ENABLE_STRICT_OBJC_MSGSEND = YES;
				ENABLE_TESTABILITY = YES;
				GCC_C_LANGUAGE_STANDARD = gnu99;
				GCC_DYNAMIC_NO_PIC = NO;
				GCC_NO_COMMON_BLOCKS = YES;
				GCC_OPTIMIZATION_LEVEL = 0;
				GCC_PREPROCESSOR_DEFINITIONS = (
					"DEBUG=1",
					"$(inherited)",
				);
				GCC_WARN_64_TO_32_BIT_CONVERSION = YES;
				GCC_WARN_ABOUT_RETURN_TYPE = YES_ERROR;
				GCC_WARN_UNDECLARED_SELECTOR = YES;
				GCC_WARN_UNINITIALIZED_AUTOS = YES_AGGRESSIVE;
				GCC_WARN_UNUSED_FUNCTION = YES;
				GCC_WARN_UNUSED_VARIABLE = YES;
				IPHONEOS_DEPLOYMENT_TARGET = 9.3;
				MTL_ENABLE_DEBUG_INFO = YES;
				ONLY_ACTIVE_ARCH = YES;
				SDKROOT = iphoneos;
				SWIFT_ACTIVE_COMPILATION_CONDITIONS = DEBUG;
				SWIFT_OPTIMIZATION_LEVEL = "-Onone";
				TARGETED_DEVICE_FAMILY = "1,2";
			};
			name = Debug;
		};
		09C92CDD1D81763900086EEC /* Release */ = {
			isa = XCBuildConfiguration;
			buildSettings = {
				ALWAYS_SEARCH_USER_PATHS = NO;
				CLANG_ANALYZER_NONNULL = YES;
				CLANG_CXX_LANGUAGE_STANDARD = "gnu++0x";
				CLANG_CXX_LIBRARY = "libc++";
				CLANG_ENABLE_MODULES = YES;
				CLANG_ENABLE_OBJC_ARC = YES;
				CLANG_WARN_BOOL_CONVERSION = YES;
				CLANG_WARN_CONSTANT_CONVERSION = YES;
				CLANG_WARN_DIRECT_OBJC_ISA_USAGE = YES_ERROR;
				CLANG_WARN_DOCUMENTATION_COMMENTS = YES;
				CLANG_WARN_EMPTY_BODY = YES;
				CLANG_WARN_ENUM_CONVERSION = YES;
				CLANG_WARN_INFINITE_RECURSION = YES;
				CLANG_WARN_INT_CONVERSION = YES;
				CLANG_WARN_OBJC_ROOT_CLASS = YES_ERROR;
				CLANG_WARN_SUSPICIOUS_MOVE = YES;
				CLANG_WARN_SUSPICIOUS_MOVES = YES;
				CLANG_WARN_UNREACHABLE_CODE = YES;
				CLANG_WARN__DUPLICATE_METHOD_MATCH = YES;
				"CODE_SIGN_IDENTITY[sdk=iphoneos*]" = "iPhone Developer";
				COPY_PHASE_STRIP = NO;
				DEBUG_INFORMATION_FORMAT = "dwarf-with-dsym";
				ENABLE_NS_ASSERTIONS = NO;
				ENABLE_STRICT_OBJC_MSGSEND = YES;
				GCC_C_LANGUAGE_STANDARD = gnu99;
				GCC_NO_COMMON_BLOCKS = YES;
				GCC_WARN_64_TO_32_BIT_CONVERSION = YES;
				GCC_WARN_ABOUT_RETURN_TYPE = YES_ERROR;
				GCC_WARN_UNDECLARED_SELECTOR = YES;
				GCC_WARN_UNINITIALIZED_AUTOS = YES_AGGRESSIVE;
				GCC_WARN_UNUSED_FUNCTION = YES;
				GCC_WARN_UNUSED_VARIABLE = YES;
				IPHONEOS_DEPLOYMENT_TARGET = 9.3;
				MTL_ENABLE_DEBUG_INFO = NO;
				SDKROOT = iphoneos;
				SWIFT_OPTIMIZATION_LEVEL = "-Owholemodule";
				TARGETED_DEVICE_FAMILY = "1,2";
				VALIDATE_PRODUCT = YES;
			};
			name = Release;
		};
		09C92CDF1D81763900086EEC /* Debug */ = {
			isa = XCBuildConfiguration;
			baseConfigurationReference = F715189BF463F662DCFAD3BC /* Pods-FirePadel.debug.xcconfig */;
			buildSettings = {
				ALWAYS_EMBED_SWIFT_STANDARD_LIBRARIES = YES;
				ASSETCATALOG_COMPILER_APPICON_NAME = AppIcon;
				CLANG_ENABLE_MODULES = YES;
				CODE_SIGN_ENTITLEMENTS = FirePadel/Resources/FirePadel.entitlements;
				"CODE_SIGN_IDENTITY[sdk=iphoneos*]" = "iPhone Developer";
				DEVELOPMENT_TEAM = DE2URN8PKZ;
				INFOPLIST_FILE = FirePadel/Resources/Info.plist;
				LD_RUNPATH_SEARCH_PATHS = "$(inherited) @executable_path/Frameworks";
				PRODUCT_BUNDLE_IDENTIFIER = org.firebasebarcelona.FirePadel;
				PRODUCT_NAME = "$(TARGET_NAME)";
				SWIFT_OPTIMIZATION_LEVEL = "-Onone";
				SWIFT_VERSION = 3.0;
			};
			name = Debug;
		};
		09C92CE01D81763900086EEC /* Release */ = {
			isa = XCBuildConfiguration;
			baseConfigurationReference = 002255EDBD1C4E870D43C15A /* Pods-FirePadel.release.xcconfig */;
			buildSettings = {
				ALWAYS_EMBED_SWIFT_STANDARD_LIBRARIES = YES;
				ASSETCATALOG_COMPILER_APPICON_NAME = AppIcon;
				CLANG_ENABLE_MODULES = YES;
				CODE_SIGN_ENTITLEMENTS = FirePadel/Resources/FirePadel.entitlements;
				"CODE_SIGN_IDENTITY[sdk=iphoneos*]" = "iPhone Developer";
				DEVELOPMENT_TEAM = DE2URN8PKZ;
				INFOPLIST_FILE = FirePadel/Resources/Info.plist;
				LD_RUNPATH_SEARCH_PATHS = "$(inherited) @executable_path/Frameworks";
				PRODUCT_BUNDLE_IDENTIFIER = org.firebasebarcelona.FirePadel;
				PRODUCT_NAME = "$(TARGET_NAME)";
				SWIFT_VERSION = 3.0;
			};
			name = Release;
		};
/* End XCBuildConfiguration section */

/* Begin XCConfigurationList section */
		09C92CC71D81763900086EEC /* Build configuration list for PBXProject "FirePadel" */ = {
			isa = XCConfigurationList;
			buildConfigurations = (
				09C92CDC1D81763900086EEC /* Debug */,
				09C92CDD1D81763900086EEC /* Release */,
			);
			defaultConfigurationIsVisible = 0;
			defaultConfigurationName = Release;
		};
		09C92CDE1D81763900086EEC /* Build configuration list for PBXNativeTarget "FirePadel" */ = {
			isa = XCConfigurationList;
			buildConfigurations = (
				09C92CDF1D81763900086EEC /* Debug */,
				09C92CE01D81763900086EEC /* Release */,
			);
			defaultConfigurationIsVisible = 0;
			defaultConfigurationName = Release;
		};
/* End XCConfigurationList section */
	};
	rootObject = 09C92CC41D81763900086EEC /* Project object */;
}
